
Microsoft Visual Studio Solution File, Format Version 12.00
# Visual Studio Version 16
VisualStudioVersion = 16.0.31624.102
MinimumVisualStudioVersion = 10.0.40219.1
Project("{9A19103F-16F7-4668-BE54-9A1E7A4F7556}") = "CalculatorTask", "Calculator\CalculatorTask.csproj", "{CC14C800-2A23-4C88-B5A7-F74BEF074FAC}"
EndProject
Project("{FAE04EC0-301F-11D3-BF4B-00C04F79EFBC}") = "TestCalculator", "TestCalculator\TestCalculator.csproj", "{8B97CB8B-079A-4978-A39A-3F6CE58E4B23}"
EndProject
Global
	GlobalSection(SolutionConfigurationPlatforms) = preSolution
		Debug|Any CPU = Debug|Any CPU
		Release|Any CPU = Release|Any CPU
	EndGlobalSection
	GlobalSection(ProjectConfigurationPlatforms) = postSolution
		{CC14C800-2A23-4C88-B5A7-F74BEF074FAC}.Debug|Any CPU.ActiveCfg = Debug|Any CPU
		{CC14C800-2A23-4C88-B5A7-F74BEF074FAC}.Debug|Any CPU.Build.0 = Debug|Any CPU
		{CC14C800-2A23-4C88-B5A7-F74BEF074FAC}.Release|Any CPU.ActiveCfg = Release|Any CPU
		{CC14C800-2A23-4C88-B5A7-F74BEF074FAC}.Release|Any CPU.Build.0 = Release|Any CPU
		{8B97CB8B-079A-4978-A39A-3F6CE58E4B23}.Debug|Any CPU.ActiveCfg = Debug|Any CPU
		{8B97CB8B-079A-4978-A39A-3F6CE58E4B23}.Debug|Any CPU.Build.0 = Debug|Any CPU
		{8B97CB8B-079A-4978-A39A-3F6CE58E4B23}.Release|Any CPU.ActiveCfg = Release|Any CPU
		{8B97CB8B-079A-4978-A39A-3F6CE58E4B23}.Release|Any CPU.Build.0 = Release|Any CPU
	EndGlobalSection
	GlobalSection(SolutionProperties) = preSolution
		HideSolutionNode = FALSE
	EndGlobalSection
	GlobalSection(ExtensibilityGlobals) = postSolution
		SolutionGuid = {788AFAB5-52DE-4C6B-ACE1-5E57FBDDB693}
	EndGlobalSection
EndGlobal
